
Microsoft Visual Studio Solution File, Format Version 12.00
# Visual Studio Version 17
VisualStudioVersion = 17.10.35027.167
MinimumVisualStudioVersion = 10.0.40219.1
Project("{2150E333-8FDC-42A3-9474-1A3956D46DE8}") = "解决方案项", "解决方案项", "{A35F9835-DFCF-478A-9F24-E0B350161746}"
	ProjectSection(SolutionItems) = preProject
		Directory.Build.props = Directory.Build.props
		.github\workflows\nuget-publish.yml = .github\workflows\nuget-publish.yml
		README.en.md = README.en.md
		README.md = README.md
	EndProjectSection
EndProject
Project("{FAE04EC0-301F-11D3-BF4B-00C04F79EFBC}") = "Text2Sql.Net.Web", "src\Text2Sql.Net.Web\Text2Sql.Net.Web.csproj", "{B6A2DDA6-7A99-382C-A36F-671178FE5732}"
EndProject
Project("{FAE04EC0-301F-11D3-BF4B-00C04F79EFBC}") = "Text2Sql.Net", "src\Text2Sql.Net\Text2Sql.Net.csproj", "{05D5CB5E-E8C7-9F2B-8C3B-8B42A9C8C5D0}"
EndProject
Global
	GlobalSection(SolutionConfigurationPlatforms) = preSolution
		Debug|Any CPU = Debug|Any CPU
		Release|Any CPU = Release|Any CPU
	EndGlobalSection
	GlobalSection(ProjectConfigurationPlatforms) = postSolution
		{B6A2DDA6-7A99-382C-A36F-671178FE5732}.Debug|Any CPU.ActiveCfg = Debug|Any CPU
		{B6A2DDA6-7A99-382C-A36F-671178FE5732}.Debug|Any CPU.Build.0 = Debug|Any CPU
		{B6A2DDA6-7A99-382C-A36F-671178FE5732}.Release|Any CPU.ActiveCfg = Release|Any CPU
		{B6A2DDA6-7A99-382C-A36F-671178FE5732}.Release|Any CPU.Build.0 = Release|Any CPU
		{05D5CB5E-E8C7-9F2B-8C3B-8B42A9C8C5D0}.Debug|Any CPU.ActiveCfg = Debug|Any CPU
		{05D5CB5E-E8C7-9F2B-8C3B-8B42A9C8C5D0}.Debug|Any CPU.Build.0 = Debug|Any CPU
		{05D5CB5E-E8C7-9F2B-8C3B-8B42A9C8C5D0}.Release|Any CPU.ActiveCfg = Release|Any CPU
		{05D5CB5E-E8C7-9F2B-8C3B-8B42A9C8C5D0}.Release|Any CPU.Build.0 = Release|Any CPU
	EndGlobalSection
	GlobalSection(SolutionProperties) = preSolution
		HideSolutionNode = FALSE
	EndGlobalSection
	GlobalSection(ExtensibilityGlobals) = postSolution
		SolutionGuid = {7892D425-42B4-4F17-B17A-38825D88FA7B}
	EndGlobalSection
EndGlobal
